
Microsoft Visual Studio Solution File, Format Version 12.00
# Visual Studio Version 16
VisualStudioVersion = 16.0.30907.101
MinimumVisualStudioVersion = 10.0.40219.1
Project("{8BC9CEB8-8B4A-11D0-8D11-00A0C91BC942}") = "Conways-Game-of-Life", "Conways-Game-of-Life\Conways-Game-of-Life.vcxproj", "{0412AE4F-B57C-4DD3-B5DE-4657353C3E55}"
EndProject
Global
	GlobalSection(SolutionConfigurationPlatforms) = preSolution
		Debug|x64 = Debug|x64
		Debug|x86 = Debug|x86
		Release|x64 = Release|x64
		Release|x86 = Release|x86
	EndGlobalSection
	GlobalSection(ProjectConfigurationPlatforms) = postSolution
		{0412AE4F-B57C-4DD3-B5DE-4657353C3E55}.Debug|x64.ActiveCfg = Debug|x64
		{0412AE4F-B57C-4DD3-B5DE-4657353C3E55}.Debug|x64.Build.0 = Debug|x64
		{0412AE4F-B57C-4DD3-B5DE-4657353C3E55}.Debug|x86.ActiveCfg = Debug|Win32
		{0412AE4F-B57C-4DD3-B5DE-4657353C3E55}.Debug|x86.Build.0 = Debug|Win32
		{0412AE4F-B57C-4DD3-B5DE-4657353C3E55}.Release|x64.ActiveCfg = Release|x64
		{0412AE4F-B57C-4DD3-B5DE-4657353C3E55}.Release|x64.Build.0 = Release|x64
		{0412AE4F-B57C-4DD3-B5DE-4657353C3E55}.Release|x86.ActiveCfg = Release|Win32
		{0412AE4F-B57C-4DD3-B5DE-4657353C3E55}.Release|x86.Build.0 = Release|Win32
	EndGlobalSection
	GlobalSection(SolutionProperties) = preSolution
		HideSolutionNode = FALSE
	EndGlobalSection
	GlobalSection(ExtensibilityGlobals) = postSolution
		SolutionGuid = {19FAF18C-DA1B-45B3-AF0F-39F25CE67170}
	EndGlobalSection
EndGlobal
